
Microsoft Visual Studio Solution File, Format Version 12.00
# Visual Studio Version 16
VisualStudioVersion = 16.0.31729.503
MinimumVisualStudioVersion = 10.0.40219.1
Project("{FAE04EC0-301F-11D3-BF4B-00C04F79EFBC}") = "KomodoCafeConsoleApp", "GoldBadgeProject\KomodoCafeConsoleApp.csproj", "{E052531A-84BD-42B2-903F-FA76704C8EE1}"
EndProject
Project("{FAE04EC0-301F-11D3-BF4B-00C04F79EFBC}") = "KomodoCafeClassLibrary", "KomodoCafeClassLibrary\KomodoCafeClassLibrary.csproj", "{EC137116-52A9-4BE0-9688-30B9FC88C448}"
EndProject
Project("{FAE04EC0-301F-11D3-BF4B-00C04F79EFBC}") = "KomodoCafeUnitTest", "KomodoCafeUnitTest\KomodoCafeUnitTest.csproj", "{164A6D5B-1F2B-4532-AC46-45414B3A3C58}"
EndProject
Global
	GlobalSection(SolutionConfigurationPlatforms) = preSolution
		Debug|Any CPU = Debug|Any CPU
		Release|Any CPU = Release|Any CPU
	EndGlobalSection
	GlobalSection(ProjectConfigurationPlatforms) = postSolution
		{E052531A-84BD-42B2-903F-FA76704C8EE1}.Debug|Any CPU.ActiveCfg = Debug|Any CPU
		{E052531A-84BD-42B2-903F-FA76704C8EE1}.Debug|Any CPU.Build.0 = Debug|Any CPU
		{E052531A-84BD-42B2-903F-FA76704C8EE1}.Release|Any CPU.ActiveCfg = Release|Any CPU
		{E052531A-84BD-42B2-903F-FA76704C8EE1}.Release|Any CPU.Build.0 = Release|Any CPU
		{EC137116-52A9-4BE0-9688-30B9FC88C448}.Debug|Any CPU.ActiveCfg = Debug|Any CPU
		{EC137116-52A9-4BE0-9688-30B9FC88C448}.Debug|Any CPU.Build.0 = Debug|Any CPU
		{EC137116-52A9-4BE0-9688-30B9FC88C448}.Release|Any CPU.ActiveCfg = Release|Any CPU
		{EC137116-52A9-4BE0-9688-30B9FC88C448}.Release|Any CPU.Build.0 = Release|Any CPU
		{164A6D5B-1F2B-4532-AC46-45414B3A3C58}.Debug|Any CPU.ActiveCfg = Debug|Any CPU
		{164A6D5B-1F2B-4532-AC46-45414B3A3C58}.Debug|Any CPU.Build.0 = Debug|Any CPU
		{164A6D5B-1F2B-4532-AC46-45414B3A3C58}.Release|Any CPU.ActiveCfg = Release|Any CPU
		{164A6D5B-1F2B-4532-AC46-45414B3A3C58}.Release|Any CPU.Build.0 = Release|Any CPU
	EndGlobalSection
	GlobalSection(SolutionProperties) = preSolution
		HideSolutionNode = FALSE
	EndGlobalSection
	GlobalSection(ExtensibilityGlobals) = postSolution
		SolutionGuid = {E8190749-8EF5-4A8D-8B8E-37BC05B47999}
	EndGlobalSection
EndGlobal
